
Microsoft Visual Studio Solution File, Format Version 12.00
# Visual Studio Version 17
VisualStudioVersion = 17.0.32014.148
MinimumVisualStudioVersion = 10.0.40219.1
Project("{FAE04EC0-301F-11D3-BF4B-00C04F79EFBC}") = "ShoesStroreWebApplication - .NET Project", "ShoesStroreWebApplication - .NET Project.csproj", "{3FFA6AE3-9995-4A0E-B365-3FDC655537A9}"
EndProject
Global
	GlobalSection(SolutionConfigurationPlatforms) = preSolution
		Debug|Any CPU = Debug|Any CPU
		Release|Any CPU = Release|Any CPU
	EndGlobalSection
	GlobalSection(ProjectConfigurationPlatforms) = postSolution
		{3FFA6AE3-9995-4A0E-B365-3FDC655537A9}.Debug|Any CPU.ActiveCfg = Debug|Any CPU
		{3FFA6AE3-9995-4A0E-B365-3FDC655537A9}.Debug|Any CPU.Build.0 = Debug|Any CPU
		{3FFA6AE3-9995-4A0E-B365-3FDC655537A9}.Release|Any CPU.ActiveCfg = Release|Any CPU
		{3FFA6AE3-9995-4A0E-B365-3FDC655537A9}.Release|Any CPU.Build.0 = Release|Any CPU
	EndGlobalSection
	GlobalSection(SolutionProperties) = preSolution
		HideSolutionNode = FALSE
	EndGlobalSection
	GlobalSection(ExtensibilityGlobals) = postSolution
		SolutionGuid = {F6F890FB-50DF-4403-9BD1-471EC74986BA}
	EndGlobalSection
EndGlobal
